
Microsoft Visual Studio Solution File, Format Version 12.00
# Visual Studio Version 16
VisualStudioVersion = 16.0.31515.178
MinimumVisualStudioVersion = 10.0.40219.1
Project("{FAE04EC0-301F-11D3-BF4B-00C04F79EFBC}") = "TodoAppMVC", "TodoAppMVC.csproj", "{2C7269AD-0334-4C0D-83EA-D2C19A571C20}"
EndProject
Global
	GlobalSection(SolutionConfigurationPlatforms) = preSolution
		Debug|Any CPU = Debug|Any CPU
		Release|Any CPU = Release|Any CPU
	EndGlobalSection
	GlobalSection(ProjectConfigurationPlatforms) = postSolution
		{2C7269AD-0334-4C0D-83EA-D2C19A571C20}.Debug|Any CPU.ActiveCfg = Debug|Any CPU
		{2C7269AD-0334-4C0D-83EA-D2C19A571C20}.Debug|Any CPU.Build.0 = Debug|Any CPU
		{2C7269AD-0334-4C0D-83EA-D2C19A571C20}.Release|Any CPU.ActiveCfg = Release|Any CPU
		{2C7269AD-0334-4C0D-83EA-D2C19A571C20}.Release|Any CPU.Build.0 = Release|Any CPU
	EndGlobalSection
	GlobalSection(SolutionProperties) = preSolution
		HideSolutionNode = FALSE
	EndGlobalSection
	GlobalSection(ExtensibilityGlobals) = postSolution
		SolutionGuid = {6C960D97-8BF9-4D11-A9D8-87C36F39AE6E}
	EndGlobalSection
EndGlobal
